
Microsoft Visual Studio Solution File, Format Version 12.00
# Visual Studio Version 17
VisualStudioVersion = 17.3.32922.545
MinimumVisualStudioVersion = 10.0.40219.1
Project("{9A19103F-16F7-4668-BE54-9A1E7A4F7556}") = "TestProject.Domain", "src\TestProject.Domain\TestProject.Domain.csproj", "{554AD327-6DBA-4F8F-96F8-81CE7A0C863F}"
EndProject
Project("{9A19103F-16F7-4668-BE54-9A1E7A4F7556}") = "SecondModule.Web", "modules\SecondModule\src\SecondModule.Web\SecondModule.Web.csproj", "{02F6A35E-2F26-4C2A-8B30-923BCE4B2B19}"
EndProject
Project("{9A19103F-16F7-4668-BE54-9A1E7A4F7556}") = "SecondModule.Installer", "modules\SecondModule\src\SecondModule.Installer\SecondModule.Installer.csproj", "{986D4E49-C172-450A-B879-EDF60847A523}"
EndProject
Project("{9A19103F-16F7-4668-BE54-9A1E7A4F7556}") = "SecondModule.HttpApi.Client", "modules\SecondModule\src\SecondModule.HttpApi.Client\SecondModule.HttpApi.Client.csproj", "{0C9802D3-0A88-4CA8-9139-C03D07F8B80E}"
EndProject
Project("{9A19103F-16F7-4668-BE54-9A1E7A4F7556}") = "SecondModule.HttpApi", "modules\SecondModule\src\SecondModule.HttpApi\SecondModule.HttpApi.csproj", "{672C8D2D-DAEB-430F-9BBA-67CA39906199}"
EndProject
Project("{9A19103F-16F7-4668-BE54-9A1E7A4F7556}") = "SecondModule.EntityFrameworkCore", "modules\SecondModule\src\SecondModule.EntityFrameworkCore\SecondModule.EntityFrameworkCore.csproj", "{D0E6E56C-F94A-44C0-B4B5-1AD50EC74E66}"
EndProject
Project("{9A19103F-16F7-4668-BE54-9A1E7A4F7556}") = "SecondModule.Domain.Shared", "modules\SecondModule\src\SecondModule.Domain.Shared\SecondModule.Domain.Shared.csproj", "{A4016AAA-1826-40CA-8235-1621F4869CA5}"
EndProject
Project("{9A19103F-16F7-4668-BE54-9A1E7A4F7556}") = "SecondModule.Domain", "modules\SecondModule\src\SecondModule.Domain\SecondModule.Domain.csproj", "{B829B2C4-C60C-4934-8B2C-8DDC636E30D8}"
EndProject
Project("{9A19103F-16F7-4668-BE54-9A1E7A4F7556}") = "SecondModule.Application.Contracts", "modules\SecondModule\src\SecondModule.Application.Contracts\SecondModule.Application.Contracts.csproj", "{E81FA14E-D86D-44D7-B00A-326C499644FA}"
EndProject
Project("{9A19103F-16F7-4668-BE54-9A1E7A4F7556}") = "SecondModule.Application", "modules\SecondModule\src\SecondModule.Application\SecondModule.Application.csproj", "{901A2EB3-F2E0-41B1-98AA-3949B055EBF2}"
EndProject
Project("{2150E333-8FDC-42A3-9474-1A3956D46DE8}") = "SecondModule", "SecondModule", "{68528159-1451-4AB2-B402-00D9C97112DD}"
EndProject
Project("{9A19103F-16F7-4668-BE54-9A1E7A4F7556}") = "NewModule.Web", "modules\NewModule\src\NewModule.Web\NewModule.Web.csproj", "{FB42CFCC-EBBA-4A7D-BD3D-C6D7A95DB1D2}"
EndProject
Project("{9A19103F-16F7-4668-BE54-9A1E7A4F7556}") = "NewModule.Installer", "modules\NewModule\src\NewModule.Installer\NewModule.Installer.csproj", "{D55D3C66-6988-4BCB-97D4-5093EEBAB5EF}"
EndProject
Project("{9A19103F-16F7-4668-BE54-9A1E7A4F7556}") = "NewModule.HttpApi.Client", "modules\NewModule\src\NewModule.HttpApi.Client\NewModule.HttpApi.Client.csproj", "{FCAD16A5-D599-4745-9DB0-D23467BC21D1}"
EndProject
Project("{9A19103F-16F7-4668-BE54-9A1E7A4F7556}") = "NewModule.HttpApi", "modules\NewModule\src\NewModule.HttpApi\NewModule.HttpApi.csproj", "{D4F97EE9-382B-4B7E-9B36-376DF5661C20}"
EndProject
Project("{9A19103F-16F7-4668-BE54-9A1E7A4F7556}") = "NewModule.EntityFrameworkCore", "modules\NewModule\src\NewModule.EntityFrameworkCore\NewModule.EntityFrameworkCore.csproj", "{966F9C97-8484-4FC9-ABED-005DBCE4D1A2}"
EndProject
Project("{9A19103F-16F7-4668-BE54-9A1E7A4F7556}") = "NewModule.Domain.Shared", "modules\NewModule\src\NewModule.Domain.Shared\NewModule.Domain.Shared.csproj", "{4B0859F4-9756-4889-8F81-B781AF8BB5BE}"
EndProject
Project("{9A19103F-16F7-4668-BE54-9A1E7A4F7556}") = "NewModule.Domain", "modules\NewModule\src\NewModule.Domain\NewModule.Domain.csproj", "{E16CA89E-1728-4E7D-9E7E-2F91DD3652C0}"
EndProject
Project("{9A19103F-16F7-4668-BE54-9A1E7A4F7556}") = "NewModule.Application.Contracts", "modules\NewModule\src\NewModule.Application.Contracts\NewModule.Application.Contracts.csproj", "{9D06071B-88A9-4109-AF86-5F532BD8B0C1}"
EndProject
Project("{9A19103F-16F7-4668-BE54-9A1E7A4F7556}") = "NewModule.Application", "modules\NewModule\src\NewModule.Application\NewModule.Application.csproj", "{034D914C-05B2-4E1C-9F87-A8B35B5E8EAD}"
EndProject
Project("{2150E333-8FDC-42A3-9474-1A3956D46DE8}") = "NewModule", "NewModule", "{BA32F80D-766C-4640-9AEF-B1BF5B4921A4}"
EndProject
Project("{2150E333-8FDC-42A3-9474-1A3956D46DE8}") = "modules", "modules", "{AE473223-6AB6-4A88-BDDE-9C1979915168}"
EndProject
Project("{9A19103F-16F7-4668-BE54-9A1E7A4F7556}") = "TestProject.Application", "src\TestProject.Application\TestProject.Application.csproj", "{1A94A50E-06DC-43C1-80B5-B662820EC3EB}"
EndProject
Project("{9A19103F-16F7-4668-BE54-9A1E7A4F7556}") = "TestProject.EntityFrameworkCore", "src\TestProject.EntityFrameworkCore\TestProject.EntityFrameworkCore.csproj", "{C956DD76-69C8-4A9C-83EA-D17DF83340FD}"
EndProject
Project("{2150E333-8FDC-42A3-9474-1A3956D46DE8}") = "src", "src", "{CA9AC87F-097E-4F15-8393-4BC07735A5B0}"
EndProject
Project("{9A19103F-16F7-4668-BE54-9A1E7A4F7556}") = "TestProject.Domain.Shared", "src\TestProject.Domain.Shared\TestProject.Domain.Shared.csproj", "{42F719ED-8413-4895-B5B4-5AB56079BC66}"
EndProject
Project("{9A19103F-16F7-4668-BE54-9A1E7A4F7556}") = "TestProject.Application.Contracts", "src\TestProject.Application.Contracts\TestProject.Application.Contracts.csproj", "{520659C8-C734-4298-A3DA-B539DB9DFC0B}"
EndProject
Project("{9A19103F-16F7-4668-BE54-9A1E7A4F7556}") = "TestProject.HttpApi", "src\TestProject.HttpApi\TestProject.HttpApi.csproj", "{4164BDF7-F527-4E85-9CE6-E3C2D7426A27}"
EndProject
Project("{9A19103F-16F7-4668-BE54-9A1E7A4F7556}") = "TestProject.HttpApi.Client", "src\TestProject.HttpApi.Client\TestProject.HttpApi.Client.csproj", "{3B5A0094-670D-4BB1-BFDD-61B88A8773DC}"
EndProject
Project("{9A19103F-16F7-4668-BE54-9A1E7A4F7556}") = "TestProject.Web", "src\TestProject.Web\TestProject.Web.csproj", "{6FE54035-9C11-4702-A5E2-D16F23101468}"
EndProject
Project("{9A19103F-16F7-4668-BE54-9A1E7A4F7556}") = "TestProject.AuthServer", "src\TestProject.AuthServer\TestProject.AuthServer.csproj", "{073C361E-B8F4-49F5-93CC-72A3FF49C026}"
EndProject
Project("{9A19103F-16F7-4668-BE54-9A1E7A4F7556}") = "TestProject.HttpApi.Host", "src\TestProject.HttpApi.Host\TestProject.HttpApi.Host.csproj", "{E6D5BF0E-DE92-4D82-A352-EF04B37CB11C}"
EndProject
Project("{9A19103F-16F7-4668-BE54-9A1E7A4F7556}") = "TestProject.DbMigrator", "src\TestProject.DbMigrator\TestProject.DbMigrator.csproj", "{AA94D832-1CCC-4715-95A9-A483F23A1A5D}"
EndProject
Global
	GlobalSection(SolutionConfigurationPlatforms) = preSolution
		Debug|Any CPU = Debug|Any CPU
		Release|Any CPU = Release|Any CPU
	EndGlobalSection
	GlobalSection(ProjectConfigurationPlatforms) = postSolution
		{554AD327-6DBA-4F8F-96F8-81CE7A0C863F}.Debug|Any CPU.ActiveCfg = Debug|Any CPU
		{554AD327-6DBA-4F8F-96F8-81CE7A0C863F}.Debug|Any CPU.Build.0 = Debug|Any CPU
		{554AD327-6DBA-4F8F-96F8-81CE7A0C863F}.Release|Any CPU.ActiveCfg = Release|Any CPU
		{554AD327-6DBA-4F8F-96F8-81CE7A0C863F}.Release|Any CPU.Build.0 = Release|Any CPU
		{02F6A35E-2F26-4C2A-8B30-923BCE4B2B19}.Debug|Any CPU.ActiveCfg = Debug|Any CPU
		{02F6A35E-2F26-4C2A-8B30-923BCE4B2B19}.Debug|Any CPU.Build.0 = Debug|Any CPU
		{02F6A35E-2F26-4C2A-8B30-923BCE4B2B19}.Release|Any CPU.ActiveCfg = Release|Any CPU
		{02F6A35E-2F26-4C2A-8B30-923BCE4B2B19}.Release|Any CPU.Build.0 = Release|Any CPU
		{986D4E49-C172-450A-B879-EDF60847A523}.Debug|Any CPU.ActiveCfg = Debug|Any CPU
		{986D4E49-C172-450A-B879-EDF60847A523}.Debug|Any CPU.Build.0 = Debug|Any CPU
		{986D4E49-C172-450A-B879-EDF60847A523}.Release|Any CPU.ActiveCfg = Release|Any CPU
		{986D4E49-C172-450A-B879-EDF60847A523}.Release|Any CPU.Build.0 = Release|Any CPU
		{0C9802D3-0A88-4CA8-9139-C03D07F8B80E}.Debug|Any CPU.ActiveCfg = Debug|Any CPU
		{0C9802D3-0A88-4CA8-9139-C03D07F8B80E}.Debug|Any CPU.Build.0 = Debug|Any CPU
		{0C9802D3-0A88-4CA8-9139-C03D07F8B80E}.Release|Any CPU.ActiveCfg = Release|Any CPU
		{0C9802D3-0A88-4CA8-9139-C03D07F8B80E}.Release|Any CPU.Build.0 = Release|Any CPU
		{672C8D2D-DAEB-430F-9BBA-67CA39906199}.Debug|Any CPU.ActiveCfg = Debug|Any CPU
		{672C8D2D-DAEB-430F-9BBA-67CA39906199}.Debug|Any CPU.Build.0 = Debug|Any CPU
		{672C8D2D-DAEB-430F-9BBA-67CA39906199}.Release|Any CPU.ActiveCfg = Release|Any CPU
		{672C8D2D-DAEB-430F-9BBA-67CA39906199}.Release|Any CPU.Build.0 = Release|Any CPU
		{D0E6E56C-F94A-44C0-B4B5-1AD50EC74E66}.Debug|Any CPU.ActiveCfg = Debug|Any CPU
		{D0E6E56C-F94A-44C0-B4B5-1AD50EC74E66}.Debug|Any CPU.Build.0 = Debug|Any CPU
		{D0E6E56C-F94A-44C0-B4B5-1AD50EC74E66}.Release|Any CPU.ActiveCfg = Release|Any CPU
		{D0E6E56C-F94A-44C0-B4B5-1AD50EC74E66}.Release|Any CPU.Build.0 = Release|Any CPU
		{A4016AAA-1826-40CA-8235-1621F4869CA5}.Debug|Any CPU.ActiveCfg = Debug|Any CPU
		{A4016AAA-1826-40CA-8235-1621F4869CA5}.Debug|Any CPU.Build.0 = Debug|Any CPU
		{A4016AAA-1826-40CA-8235-1621F4869CA5}.Release|Any CPU.ActiveCfg = Release|Any CPU
		{A4016AAA-1826-40CA-8235-1621F4869CA5}.Release|Any CPU.Build.0 = Release|Any CPU
		{B829B2C4-C60C-4934-8B2C-8DDC636E30D8}.Debug|Any CPU.ActiveCfg = Debug|Any CPU
		{B829B2C4-C60C-4934-8B2C-8DDC636E30D8}.Debug|Any CPU.Build.0 = Debug|Any CPU
		{B829B2C4-C60C-4934-8B2C-8DDC636E30D8}.Release|Any CPU.ActiveCfg = Release|Any CPU
		{B829B2C4-C60C-4934-8B2C-8DDC636E30D8}.Release|Any CPU.Build.0 = Release|Any CPU
		{E81FA14E-D86D-44D7-B00A-326C499644FA}.Debug|Any CPU.ActiveCfg = Debug|Any CPU
		{E81FA14E-D86D-44D7-B00A-326C499644FA}.Debug|Any CPU.Build.0 = Debug|Any CPU
		{E81FA14E-D86D-44D7-B00A-326C499644FA}.Release|Any CPU.ActiveCfg = Release|Any CPU
		{E81FA14E-D86D-44D7-B00A-326C499644FA}.Release|Any CPU.Build.0 = Release|Any CPU
		{901A2EB3-F2E0-41B1-98AA-3949B055EBF2}.Debug|Any CPU.ActiveCfg = Debug|Any CPU
		{901A2EB3-F2E0-41B1-98AA-3949B055EBF2}.Debug|Any CPU.Build.0 = Debug|Any CPU
		{901A2EB3-F2E0-41B1-98AA-3949B055EBF2}.Release|Any CPU.ActiveCfg = Release|Any CPU
		{901A2EB3-F2E0-41B1-98AA-3949B055EBF2}.Release|Any CPU.Build.0 = Release|Any CPU
		{FB42CFCC-EBBA-4A7D-BD3D-C6D7A95DB1D2}.Debug|Any CPU.ActiveCfg = Debug|Any CPU
		{FB42CFCC-EBBA-4A7D-BD3D-C6D7A95DB1D2}.Debug|Any CPU.Build.0 = Debug|Any CPU
		{FB42CFCC-EBBA-4A7D-BD3D-C6D7A95DB1D2}.Release|Any CPU.ActiveCfg = Release|Any CPU
		{FB42CFCC-EBBA-4A7D-BD3D-C6D7A95DB1D2}.Release|Any CPU.Build.0 = Release|Any CPU
		{D55D3C66-6988-4BCB-97D4-5093EEBAB5EF}.Debug|Any CPU.ActiveCfg = Debug|Any CPU
		{D55D3C66-6988-4BCB-97D4-5093EEBAB5EF}.Debug|Any CPU.Build.0 = Debug|Any CPU
		{D55D3C66-6988-4BCB-97D4-5093EEBAB5EF}.Release|Any CPU.ActiveCfg = Release|Any CPU
		{D55D3C66-6988-4BCB-97D4-5093EEBAB5EF}.Release|Any CPU.Build.0 = Release|Any CPU
		{FCAD16A5-D599-4745-9DB0-D23467BC21D1}.Debug|Any CPU.ActiveCfg = Debug|Any CPU
		{FCAD16A5-D599-4745-9DB0-D23467BC21D1}.Debug|Any CPU.Build.0 = Debug|Any CPU
		{FCAD16A5-D599-4745-9DB0-D23467BC21D1}.Release|Any CPU.ActiveCfg = Release|Any CPU
		{FCAD16A5-D599-4745-9DB0-D23467BC21D1}.Release|Any CPU.Build.0 = Release|Any CPU
		{D4F97EE9-382B-4B7E-9B36-376DF5661C20}.Debug|Any CPU.ActiveCfg = Debug|Any CPU
		{D4F97EE9-382B-4B7E-9B36-376DF5661C20}.Debug|Any CPU.Build.0 = Debug|Any CPU
		{D4F97EE9-382B-4B7E-9B36-376DF5661C20}.Release|Any CPU.ActiveCfg = Release|Any CPU
		{D4F97EE9-382B-4B7E-9B36-376DF5661C20}.Release|Any CPU.Build.0 = Release|Any CPU
		{966F9C97-8484-4FC9-ABED-005DBCE4D1A2}.Debug|Any CPU.ActiveCfg = Debug|Any CPU
		{966F9C97-8484-4FC9-ABED-005DBCE4D1A2}.Debug|Any CPU.Build.0 = Debug|Any CPU
		{966F9C97-8484-4FC9-ABED-005DBCE4D1A2}.Release|Any CPU.ActiveCfg = Release|Any CPU
		{966F9C97-8484-4FC9-ABED-005DBCE4D1A2}.Release|Any CPU.Build.0 = Release|Any CPU
		{4B0859F4-9756-4889-8F81-B781AF8BB5BE}.Debug|Any CPU.ActiveCfg = Debug|Any CPU
		{4B0859F4-9756-4889-8F81-B781AF8BB5BE}.Debug|Any CPU.Build.0 = Debug|Any CPU
		{4B0859F4-9756-4889-8F81-B781AF8BB5BE}.Release|Any CPU.ActiveCfg = Release|Any CPU
		{4B0859F4-9756-4889-8F81-B781AF8BB5BE}.Release|Any CPU.Build.0 = Release|Any CPU
		{E16CA89E-1728-4E7D-9E7E-2F91DD3652C0}.Debug|Any CPU.ActiveCfg = Debug|Any CPU
		{E16CA89E-1728-4E7D-9E7E-2F91DD3652C0}.Debug|Any CPU.Build.0 = Debug|Any CPU
		{E16CA89E-1728-4E7D-9E7E-2F91DD3652C0}.Release|Any CPU.ActiveCfg = Release|Any CPU
		{E16CA89E-1728-4E7D-9E7E-2F91DD3652C0}.Release|Any CPU.Build.0 = Release|Any CPU
		{9D06071B-88A9-4109-AF86-5F532BD8B0C1}.Debug|Any CPU.ActiveCfg = Debug|Any CPU
		{9D06071B-88A9-4109-AF86-5F532BD8B0C1}.Debug|Any CPU.Build.0 = Debug|Any CPU
		{9D06071B-88A9-4109-AF86-5F532BD8B0C1}.Release|Any CPU.ActiveCfg = Release|Any CPU
		{9D06071B-88A9-4109-AF86-5F532BD8B0C1}.Release|Any CPU.Build.0 = Release|Any CPU
		{034D914C-05B2-4E1C-9F87-A8B35B5E8EAD}.Debug|Any CPU.ActiveCfg = Debug|Any CPU
		{034D914C-05B2-4E1C-9F87-A8B35B5E8EAD}.Debug|Any CPU.Build.0 = Debug|Any CPU
		{034D914C-05B2-4E1C-9F87-A8B35B5E8EAD}.Release|Any CPU.ActiveCfg = Release|Any CPU
		{034D914C-05B2-4E1C-9F87-A8B35B5E8EAD}.Release|Any CPU.Build.0 = Release|Any CPU
		{1A94A50E-06DC-43C1-80B5-B662820EC3EB}.Debug|Any CPU.ActiveCfg = Debug|Any CPU
		{1A94A50E-06DC-43C1-80B5-B662820EC3EB}.Debug|Any CPU.Build.0 = Debug|Any CPU
		{1A94A50E-06DC-43C1-80B5-B662820EC3EB}.Release|Any CPU.ActiveCfg = Release|Any CPU
		{1A94A50E-06DC-43C1-80B5-B662820EC3EB}.Release|Any CPU.Build.0 = Release|Any CPU
		{C956DD76-69C8-4A9C-83EA-D17DF83340FD}.Debug|Any CPU.ActiveCfg = Debug|Any CPU
		{C956DD76-69C8-4A9C-83EA-D17DF83340FD}.Debug|Any CPU.Build.0 = Debug|Any CPU
		{C956DD76-69C8-4A9C-83EA-D17DF83340FD}.Release|Any CPU.ActiveCfg = Release|Any CPU
		{C956DD76-69C8-4A9C-83EA-D17DF83340FD}.Release|Any CPU.Build.0 = Release|Any CPU
		{42F719ED-8413-4895-B5B4-5AB56079BC66}.Debug|Any CPU.ActiveCfg = Debug|Any CPU
		{42F719ED-8413-4895-B5B4-5AB56079BC66}.Debug|Any CPU.Build.0 = Debug|Any CPU
		{42F719ED-8413-4895-B5B4-5AB56079BC66}.Release|Any CPU.ActiveCfg = Release|Any CPU
		{42F719ED-8413-4895-B5B4-5AB56079BC66}.Release|Any CPU.Build.0 = Release|Any CPU
		{520659C8-C734-4298-A3DA-B539DB9DFC0B}.Debug|Any CPU.ActiveCfg = Debug|Any CPU
		{520659C8-C734-4298-A3DA-B539DB9DFC0B}.Debug|Any CPU.Build.0 = Debug|Any CPU
		{520659C8-C734-4298-A3DA-B539DB9DFC0B}.Release|Any CPU.ActiveCfg = Release|Any CPU
		{520659C8-C734-4298-A3DA-B539DB9DFC0B}.Release|Any CPU.Build.0 = Release|Any CPU
		{4164BDF7-F527-4E85-9CE6-E3C2D7426A27}.Debug|Any CPU.ActiveCfg = Debug|Any CPU
		{4164BDF7-F527-4E85-9CE6-E3C2D7426A27}.Debug|Any CPU.Build.0 = Debug|Any CPU
		{4164BDF7-F527-4E85-9CE6-E3C2D7426A27}.Release|Any CPU.ActiveCfg = Release|Any CPU
		{4164BDF7-F527-4E85-9CE6-E3C2D7426A27}.Release|Any CPU.Build.0 = Release|Any CPU
		{3B5A0094-670D-4BB1-BFDD-61B88A8773DC}.Debug|Any CPU.ActiveCfg = Debug|Any CPU
		{3B5A0094-670D-4BB1-BFDD-61B88A8773DC}.Debug|Any CPU.Build.0 = Debug|Any CPU
		{3B5A0094-670D-4BB1-BFDD-61B88A8773DC}.Release|Any CPU.ActiveCfg = Release|Any CPU
		{3B5A0094-670D-4BB1-BFDD-61B88A8773DC}.Release|Any CPU.Build.0 = Release|Any CPU
		{6FE54035-9C11-4702-A5E2-D16F23101468}.Debug|Any CPU.ActiveCfg = Debug|Any CPU
		{6FE54035-9C11-4702-A5E2-D16F23101468}.Debug|Any CPU.Build.0 = Debug|Any CPU
		{6FE54035-9C11-4702-A5E2-D16F23101468}.Release|Any CPU.ActiveCfg = Release|Any CPU
		{6FE54035-9C11-4702-A5E2-D16F23101468}.Release|Any CPU.Build.0 = Release|Any CPU
		{073C361E-B8F4-49F5-93CC-72A3FF49C026}.Debug|Any CPU.ActiveCfg = Debug|Any CPU
		{073C361E-B8F4-49F5-93CC-72A3FF49C026}.Debug|Any CPU.Build.0 = Debug|Any CPU
		{073C361E-B8F4-49F5-93CC-72A3FF49C026}.Release|Any CPU.ActiveCfg = Release|Any CPU
		{073C361E-B8F4-49F5-93CC-72A3FF49C026}.Release|Any CPU.Build.0 = Release|Any CPU
		{E6D5BF0E-DE92-4D82-A352-EF04B37CB11C}.Debug|Any CPU.ActiveCfg = Debug|Any CPU
		{E6D5BF0E-DE92-4D82-A352-EF04B37CB11C}.Debug|Any CPU.Build.0 = Debug|Any CPU
		{E6D5BF0E-DE92-4D82-A352-EF04B37CB11C}.Release|Any CPU.ActiveCfg = Release|Any CPU
		{E6D5BF0E-DE92-4D82-A352-EF04B37CB11C}.Release|Any CPU.Build.0 = Release|Any CPU
		{AA94D832-1CCC-4715-95A9-A483F23A1A5D}.Debug|Any CPU.ActiveCfg = Debug|Any CPU
		{AA94D832-1CCC-4715-95A9-A483F23A1A5D}.Debug|Any CPU.Build.0 = Debug|Any CPU
		{AA94D832-1CCC-4715-95A9-A483F23A1A5D}.Release|Any CPU.ActiveCfg = Release|Any CPU
		{AA94D832-1CCC-4715-95A9-A483F23A1A5D}.Release|Any CPU.Build.0 = Release|Any CPU
	EndGlobalSection
	GlobalSection(SolutionProperties) = preSolution
		HideSolutionNode = FALSE
	EndGlobalSection
	GlobalSection(NestedProjects) = preSolution
		{554AD327-6DBA-4F8F-96F8-81CE7A0C863F} = {CA9AC87F-097E-4F15-8393-4BC07735A5B0}
		{02F6A35E-2F26-4C2A-8B30-923BCE4B2B19} = {68528159-1451-4AB2-B402-00D9C97112DD}
		{986D4E49-C172-450A-B879-EDF60847A523} = {68528159-1451-4AB2-B402-00D9C97112DD}
		{0C9802D3-0A88-4CA8-9139-C03D07F8B80E} = {68528159-1451-4AB2-B402-00D9C97112DD}
		{672C8D2D-DAEB-430F-9BBA-67CA39906199} = {68528159-1451-4AB2-B402-00D9C97112DD}
		{D0E6E56C-F94A-44C0-B4B5-1AD50EC74E66} = {68528159-1451-4AB2-B402-00D9C97112DD}
		{A4016AAA-1826-40CA-8235-1621F4869CA5} = {68528159-1451-4AB2-B402-00D9C97112DD}
		{B829B2C4-C60C-4934-8B2C-8DDC636E30D8} = {68528159-1451-4AB2-B402-00D9C97112DD}
		{E81FA14E-D86D-44D7-B00A-326C499644FA} = {68528159-1451-4AB2-B402-00D9C97112DD}
		{901A2EB3-F2E0-41B1-98AA-3949B055EBF2} = {68528159-1451-4AB2-B402-00D9C97112DD}
		{68528159-1451-4AB2-B402-00D9C97112DD} = {AE473223-6AB6-4A88-BDDE-9C1979915168}
		{FB42CFCC-EBBA-4A7D-BD3D-C6D7A95DB1D2} = {BA32F80D-766C-4640-9AEF-B1BF5B4921A4}
		{D55D3C66-6988-4BCB-97D4-5093EEBAB5EF} = {BA32F80D-766C-4640-9AEF-B1BF5B4921A4}
		{FCAD16A5-D599-4745-9DB0-D23467BC21D1} = {BA32F80D-766C-4640-9AEF-B1BF5B4921A4}
		{D4F97EE9-382B-4B7E-9B36-376DF5661C20} = {BA32F80D-766C-4640-9AEF-B1BF5B4921A4}
		{966F9C97-8484-4FC9-ABED-005DBCE4D1A2} = {BA32F80D-766C-4640-9AEF-B1BF5B4921A4}
		{4B0859F4-9756-4889-8F81-B781AF8BB5BE} = {BA32F80D-766C-4640-9AEF-B1BF5B4921A4}
		{E16CA89E-1728-4E7D-9E7E-2F91DD3652C0} = {BA32F80D-766C-4640-9AEF-B1BF5B4921A4}
		{9D06071B-88A9-4109-AF86-5F532BD8B0C1} = {BA32F80D-766C-4640-9AEF-B1BF5B4921A4}
		{034D914C-05B2-4E1C-9F87-A8B35B5E8EAD} = {BA32F80D-766C-4640-9AEF-B1BF5B4921A4}
		{BA32F80D-766C-4640-9AEF-B1BF5B4921A4} = {AE473223-6AB6-4A88-BDDE-9C1979915168}
		{1A94A50E-06DC-43C1-80B5-B662820EC3EB} = {CA9AC87F-097E-4F15-8393-4BC07735A5B0}
		{C956DD76-69C8-4A9C-83EA-D17DF83340FD} = {CA9AC87F-097E-4F15-8393-4BC07735A5B0}
		{42F719ED-8413-4895-B5B4-5AB56079BC66} = {CA9AC87F-097E-4F15-8393-4BC07735A5B0}
		{520659C8-C734-4298-A3DA-B539DB9DFC0B} = {CA9AC87F-097E-4F15-8393-4BC07735A5B0}
		{4164BDF7-F527-4E85-9CE6-E3C2D7426A27} = {CA9AC87F-097E-4F15-8393-4BC07735A5B0}
		{3B5A0094-670D-4BB1-BFDD-61B88A8773DC} = {CA9AC87F-097E-4F15-8393-4BC07735A5B0}
		{6FE54035-9C11-4702-A5E2-D16F23101468} = {CA9AC87F-097E-4F15-8393-4BC07735A5B0}
		{073C361E-B8F4-49F5-93CC-72A3FF49C026} = {CA9AC87F-097E-4F15-8393-4BC07735A5B0}
		{E6D5BF0E-DE92-4D82-A352-EF04B37CB11C} = {CA9AC87F-097E-4F15-8393-4BC07735A5B0}
		{AA94D832-1CCC-4715-95A9-A483F23A1A5D} = {CA9AC87F-097E-4F15-8393-4BC07735A5B0}
	EndGlobalSection
	GlobalSection(ExtensibilityGlobals) = postSolution
		SolutionGuid = {28315BFD-90E7-4E14-A2EA-F3D23AF4126F}
	EndGlobalSection
EndGlobal
